
Microsoft Visual Studio Solution File, Format Version 12.00
# Visual Studio Version 16
VisualStudioVersion = 16.0.31205.134
MinimumVisualStudioVersion = 10.0.40219.1
Project("{8BC9CEB8-8B4A-11D0-8D11-00A0C91BC942}") = "Test", "Test.vcxproj", "{BCBC5707-53D7-4F3A-BEF8-67C2521C9493}"
EndProject
Project("{8BC9CEB8-8B4A-11D0-8D11-00A0C91BC942}") = "Calculator", "..\Calculator\Calculator.vcxproj", "{437AE255-F602-42AC-B80C-900AC1467919}"
EndProject
Project("{8BC9CEB8-8B4A-11D0-8D11-00A0C91BC942}") = "Challenge", "..\Challenge\Challenge.vcxproj", "{A47D1DFF-E30C-46FD-B650-7395412CE93C}"
EndProject
Project("{8BC9CEB8-8B4A-11D0-8D11-00A0C91BC942}") = "googoodan", "..\googoodan\googoodan.vcxproj", "{6D15DE5C-B52C-4166-8B1B-620236BC4B56}"
EndProject
Project("{8BC9CEB8-8B4A-11D0-8D11-00A0C91BC942}") = "sosoo", "..\sosoo\sosoo.vcxproj", "{3720BA91-2578-4887-B19D-D57E48B27E87}"
EndProject
Project("{8BC9CEB8-8B4A-11D0-8D11-00A0C91BC942}") = "recursion", "..\recursion\recursion.vcxproj", "{A1A0B117-8A3E-46DC-964E-EC863C6FAEAB}"
EndProject
Project("{8BC9CEB8-8B4A-11D0-8D11-00A0C91BC942}") = "oldver", "..\oldver\oldver.vcxproj", "{3993EC4C-DA8C-4352-90E7-4EBF04CA207E}"
EndProject
Project("{8BC9CEB8-8B4A-11D0-8D11-00A0C91BC942}") = "LowerToUpper", "..\LowerToUpper\LowerToUpper.vcxproj", "{1F120B9C-1EA9-4A68-AAB6-FE377011F804}"
EndProject
Project("{8BC9CEB8-8B4A-11D0-8D11-00A0C91BC942}") = "swap", "..\swap\swap.vcxproj", "{0EB69000-F2B5-49C1-B717-199C12B5D7BB}"
EndProject
Project("{8BC9CEB8-8B4A-11D0-8D11-00A0C91BC942}") = "pointerexam", "..\pointerexam\pointerexam.vcxproj", "{FE680F3D-0548-4BC4-B7EA-5A8C547E5320}"
EndProject
Project("{8BC9CEB8-8B4A-11D0-8D11-00A0C91BC942}") = "Lotto", "..\Lotto\Lotto.vcxproj", "{93CAA6B5-DDB2-481B-8498-3BF9FCC3ECFD}"
EndProject
Project("{8BC9CEB8-8B4A-11D0-8D11-00A0C91BC942}") = "maxlen", "..\maxlen\maxlen.vcxproj", "{42311C4C-8BD7-4C2F-8BFA-042F4D7EA9D8}"
EndProject
Project("{8BC9CEB8-8B4A-11D0-8D11-00A0C91BC942}") = "LowerUpperLower", "..\LowerUpper\LowerUpper.vcxproj", "{FB04284F-7471-48BA-A10C-D31F933237E3}"
EndProject
Project("{8BC9CEB8-8B4A-11D0-8D11-00A0C91BC942}") = "회문", "..\회문\회문.vcxproj", "{07041CF1-02FC-480D-A556-11AAC4B696CC}"
EndProject
Project("{8BC9CEB8-8B4A-11D0-8D11-00A0C91BC942}") = "2d_array_sum", "..\2d_array_sum\2d_array_sum.vcxproj", "{AA2F4E1F-B629-427F-B47B-F7771639F77A}"
EndProject
Global
	GlobalSection(SolutionConfigurationPlatforms) = preSolution
		Debug|x64 = Debug|x64
		Debug|x86 = Debug|x86
		Release|x64 = Release|x64
		Release|x86 = Release|x86
	EndGlobalSection
	GlobalSection(ProjectConfigurationPlatforms) = postSolution
		{BCBC5707-53D7-4F3A-BEF8-67C2521C9493}.Debug|x64.ActiveCfg = Debug|x64
		{BCBC5707-53D7-4F3A-BEF8-67C2521C9493}.Debug|x64.Build.0 = Debug|x64
		{BCBC5707-53D7-4F3A-BEF8-67C2521C9493}.Debug|x86.ActiveCfg = Debug|Win32
		{BCBC5707-53D7-4F3A-BEF8-67C2521C9493}.Debug|x86.Build.0 = Debug|Win32
		{BCBC5707-53D7-4F3A-BEF8-67C2521C9493}.Release|x64.ActiveCfg = Release|x64
		{BCBC5707-53D7-4F3A-BEF8-67C2521C9493}.Release|x64.Build.0 = Release|x64
		{BCBC5707-53D7-4F3A-BEF8-67C2521C9493}.Release|x86.ActiveCfg = Release|Win32
		{BCBC5707-53D7-4F3A-BEF8-67C2521C9493}.Release|x86.Build.0 = Release|Win32
		{437AE255-F602-42AC-B80C-900AC1467919}.Debug|x64.ActiveCfg = Debug|x64
		{437AE255-F602-42AC-B80C-900AC1467919}.Debug|x64.Build.0 = Debug|x64
		{437AE255-F602-42AC-B80C-900AC1467919}.Debug|x86.ActiveCfg = Debug|Win32
		{437AE255-F602-42AC-B80C-900AC1467919}.Debug|x86.Build.0 = Debug|Win32
		{437AE255-F602-42AC-B80C-900AC1467919}.Release|x64.ActiveCfg = Release|x64
		{437AE255-F602-42AC-B80C-900AC1467919}.Release|x64.Build.0 = Release|x64
		{437AE255-F602-42AC-B80C-900AC1467919}.Release|x86.ActiveCfg = Release|Win32
		{437AE255-F602-42AC-B80C-900AC1467919}.Release|x86.Build.0 = Release|Win32
		{A47D1DFF-E30C-46FD-B650-7395412CE93C}.Debug|x64.ActiveCfg = Debug|x64
		{A47D1DFF-E30C-46FD-B650-7395412CE93C}.Debug|x64.Build.0 = Debug|x64
		{A47D1DFF-E30C-46FD-B650-7395412CE93C}.Debug|x86.ActiveCfg = Debug|Win32
		{A47D1DFF-E30C-46FD-B650-7395412CE93C}.Debug|x86.Build.0 = Debug|Win32
		{A47D1DFF-E30C-46FD-B650-7395412CE93C}.Release|x64.ActiveCfg = Release|x64
		{A47D1DFF-E30C-46FD-B650-7395412CE93C}.Release|x64.Build.0 = Release|x64
		{A47D1DFF-E30C-46FD-B650-7395412CE93C}.Release|x86.ActiveCfg = Release|Win32
		{A47D1DFF-E30C-46FD-B650-7395412CE93C}.Release|x86.Build.0 = Release|Win32
		{6D15DE5C-B52C-4166-8B1B-620236BC4B56}.Debug|x64.ActiveCfg = Debug|x64
		{6D15DE5C-B52C-4166-8B1B-620236BC4B56}.Debug|x64.Build.0 = Debug|x64
		{6D15DE5C-B52C-4166-8B1B-620236BC4B56}.Debug|x86.ActiveCfg = Debug|Win32
		{6D15DE5C-B52C-4166-8B1B-620236BC4B56}.Debug|x86.Build.0 = Debug|Win32
		{6D15DE5C-B52C-4166-8B1B-620236BC4B56}.Release|x64.ActiveCfg = Release|x64
		{6D15DE5C-B52C-4166-8B1B-620236BC4B56}.Release|x64.Build.0 = Release|x64
		{6D15DE5C-B52C-4166-8B1B-620236BC4B56}.Release|x86.ActiveCfg = Release|Win32
		{6D15DE5C-B52C-4166-8B1B-620236BC4B56}.Release|x86.Build.0 = Release|Win32
		{3720BA91-2578-4887-B19D-D57E48B27E87}.Debug|x64.ActiveCfg = Debug|x64
		{3720BA91-2578-4887-B19D-D57E48B27E87}.Debug|x64.Build.0 = Debug|x64
		{3720BA91-2578-4887-B19D-D57E48B27E87}.Debug|x86.ActiveCfg = Debug|Win32
		{3720BA91-2578-4887-B19D-D57E48B27E87}.Debug|x86.Build.0 = Debug|Win32
		{3720BA91-2578-4887-B19D-D57E48B27E87}.Release|x64.ActiveCfg = Release|x64
		{3720BA91-2578-4887-B19D-D57E48B27E87}.Release|x64.Build.0 = Release|x64
		{3720BA91-2578-4887-B19D-D57E48B27E87}.Release|x86.ActiveCfg = Release|Win32
		{3720BA91-2578-4887-B19D-D57E48B27E87}.Release|x86.Build.0 = Release|Win32
		{A1A0B117-8A3E-46DC-964E-EC863C6FAEAB}.Debug|x64.ActiveCfg = Debug|x64
		{A1A0B117-8A3E-46DC-964E-EC863C6FAEAB}.Debug|x64.Build.0 = Debug|x64
		{A1A0B117-8A3E-46DC-964E-EC863C6FAEAB}.Debug|x86.ActiveCfg = Debug|Win32
		{A1A0B117-8A3E-46DC-964E-EC863C6FAEAB}.Debug|x86.Build.0 = Debug|Win32
		{A1A0B117-8A3E-46DC-964E-EC863C6FAEAB}.Release|x64.ActiveCfg = Release|x64
		{A1A0B117-8A3E-46DC-964E-EC863C6FAEAB}.Release|x64.Build.0 = Release|x64
		{A1A0B117-8A3E-46DC-964E-EC863C6FAEAB}.Release|x86.ActiveCfg = Release|Win32
		{A1A0B117-8A3E-46DC-964E-EC863C6FAEAB}.Release|x86.Build.0 = Release|Win32
		{3993EC4C-DA8C-4352-90E7-4EBF04CA207E}.Debug|x64.ActiveCfg = Debug|x64
		{3993EC4C-DA8C-4352-90E7-4EBF04CA207E}.Debug|x64.Build.0 = Debug|x64
		{3993EC4C-DA8C-4352-90E7-4EBF04CA207E}.Debug|x86.ActiveCfg = Debug|Win32
		{3993EC4C-DA8C-4352-90E7-4EBF04CA207E}.Debug|x86.Build.0 = Debug|Win32
		{3993EC4C-DA8C-4352-90E7-4EBF04CA207E}.Release|x64.ActiveCfg = Release|x64
		{3993EC4C-DA8C-4352-90E7-4EBF04CA207E}.Release|x64.Build.0 = Release|x64
		{3993EC4C-DA8C-4352-90E7-4EBF04CA207E}.Release|x86.ActiveCfg = Release|Win32
		{3993EC4C-DA8C-4352-90E7-4EBF04CA207E}.Release|x86.Build.0 = Release|Win32
		{1F120B9C-1EA9-4A68-AAB6-FE377011F804}.Debug|x64.ActiveCfg = Debug|x64
		{1F120B9C-1EA9-4A68-AAB6-FE377011F804}.Debug|x64.Build.0 = Debug|x64
		{1F120B9C-1EA9-4A68-AAB6-FE377011F804}.Debug|x86.ActiveCfg = Debug|Win32
		{1F120B9C-1EA9-4A68-AAB6-FE377011F804}.Debug|x86.Build.0 = Debug|Win32
		{1F120B9C-1EA9-4A68-AAB6-FE377011F804}.Release|x64.ActiveCfg = Release|x64
		{1F120B9C-1EA9-4A68-AAB6-FE377011F804}.Release|x64.Build.0 = Release|x64
		{1F120B9C-1EA9-4A68-AAB6-FE377011F804}.Release|x86.ActiveCfg = Release|Win32
		{1F120B9C-1EA9-4A68-AAB6-FE377011F804}.Release|x86.Build.0 = Release|Win32
		{0EB69000-F2B5-49C1-B717-199C12B5D7BB}.Debug|x64.ActiveCfg = Debug|x64
		{0EB69000-F2B5-49C1-B717-199C12B5D7BB}.Debug|x64.Build.0 = Debug|x64
		{0EB69000-F2B5-49C1-B717-199C12B5D7BB}.Debug|x86.ActiveCfg = Debug|Win32
		{0EB69000-F2B5-49C1-B717-199C12B5D7BB}.Debug|x86.Build.0 = Debug|Win32
		{0EB69000-F2B5-49C1-B717-199C12B5D7BB}.Release|x64.ActiveCfg = Release|x64
		{0EB69000-F2B5-49C1-B717-199C12B5D7BB}.Release|x64.Build.0 = Release|x64
		{0EB69000-F2B5-49C1-B717-199C12B5D7BB}.Release|x86.ActiveCfg = Release|Win32
		{0EB69000-F2B5-49C1-B717-199C12B5D7BB}.Release|x86.Build.0 = Release|Win32
		{FE680F3D-0548-4BC4-B7EA-5A8C547E5320}.Debug|x64.ActiveCfg = Debug|x64
		{FE680F3D-0548-4BC4-B7EA-5A8C547E5320}.Debug|x64.Build.0 = Debug|x64
		{FE680F3D-0548-4BC4-B7EA-5A8C547E5320}.Debug|x86.ActiveCfg = Debug|Win32
		{FE680F3D-0548-4BC4-B7EA-5A8C547E5320}.Debug|x86.Build.0 = Debug|Win32
		{FE680F3D-0548-4BC4-B7EA-5A8C547E5320}.Release|x64.ActiveCfg = Release|x64
		{FE680F3D-0548-4BC4-B7EA-5A8C547E5320}.Release|x64.Build.0 = Release|x64
		{FE680F3D-0548-4BC4-B7EA-5A8C547E5320}.Release|x86.ActiveCfg = Release|Win32
		{FE680F3D-0548-4BC4-B7EA-5A8C547E5320}.Release|x86.Build.0 = Release|Win32
		{93CAA6B5-DDB2-481B-8498-3BF9FCC3ECFD}.Debug|x64.ActiveCfg = Debug|x64
		{93CAA6B5-DDB2-481B-8498-3BF9FCC3ECFD}.Debug|x64.Build.0 = Debug|x64
		{93CAA6B5-DDB2-481B-8498-3BF9FCC3ECFD}.Debug|x86.ActiveCfg = Debug|Win32
		{93CAA6B5-DDB2-481B-8498-3BF9FCC3ECFD}.Debug|x86.Build.0 = Debug|Win32
		{93CAA6B5-DDB2-481B-8498-3BF9FCC3ECFD}.Release|x64.ActiveCfg = Release|x64
		{93CAA6B5-DDB2-481B-8498-3BF9FCC3ECFD}.Release|x64.Build.0 = Release|x64
		{93CAA6B5-DDB2-481B-8498-3BF9FCC3ECFD}.Release|x86.ActiveCfg = Release|Win32
		{93CAA6B5-DDB2-481B-8498-3BF9FCC3ECFD}.Release|x86.Build.0 = Release|Win32
		{42311C4C-8BD7-4C2F-8BFA-042F4D7EA9D8}.Debug|x64.ActiveCfg = Debug|x64
		{42311C4C-8BD7-4C2F-8BFA-042F4D7EA9D8}.Debug|x64.Build.0 = Debug|x64
		{42311C4C-8BD7-4C2F-8BFA-042F4D7EA9D8}.Debug|x86.ActiveCfg = Debug|Win32
		{42311C4C-8BD7-4C2F-8BFA-042F4D7EA9D8}.Debug|x86.Build.0 = Debug|Win32
		{42311C4C-8BD7-4C2F-8BFA-042F4D7EA9D8}.Release|x64.ActiveCfg = Release|x64
		{42311C4C-8BD7-4C2F-8BFA-042F4D7EA9D8}.Release|x64.Build.0 = Release|x64
		{42311C4C-8BD7-4C2F-8BFA-042F4D7EA9D8}.Release|x86.ActiveCfg = Release|Win32
		{42311C4C-8BD7-4C2F-8BFA-042F4D7EA9D8}.Release|x86.Build.0 = Release|Win32
		{FB04284F-7471-48BA-A10C-D31F933237E3}.Debug|x64.ActiveCfg = Debug|x64
		{FB04284F-7471-48BA-A10C-D31F933237E3}.Debug|x64.Build.0 = Debug|x64
		{FB04284F-7471-48BA-A10C-D31F933237E3}.Debug|x86.ActiveCfg = Debug|Win32
		{FB04284F-7471-48BA-A10C-D31F933237E3}.Debug|x86.Build.0 = Debug|Win32
		{FB04284F-7471-48BA-A10C-D31F933237E3}.Release|x64.ActiveCfg = Release|x64
		{FB04284F-7471-48BA-A10C-D31F933237E3}.Release|x64.Build.0 = Release|x64
		{FB04284F-7471-48BA-A10C-D31F933237E3}.Release|x86.ActiveCfg = Release|Win32
		{FB04284F-7471-48BA-A10C-D31F933237E3}.Release|x86.Build.0 = Release|Win32
		{07041CF1-02FC-480D-A556-11AAC4B696CC}.Debug|x64.ActiveCfg = Debug|x64
		{07041CF1-02FC-480D-A556-11AAC4B696CC}.Debug|x64.Build.0 = Debug|x64
		{07041CF1-02FC-480D-A556-11AAC4B696CC}.Debug|x86.ActiveCfg = Debug|Win32
		{07041CF1-02FC-480D-A556-11AAC4B696CC}.Debug|x86.Build.0 = Debug|Win32
		{07041CF1-02FC-480D-A556-11AAC4B696CC}.Release|x64.ActiveCfg = Release|x64
		{07041CF1-02FC-480D-A556-11AAC4B696CC}.Release|x64.Build.0 = Release|x64
		{07041CF1-02FC-480D-A556-11AAC4B696CC}.Release|x86.ActiveCfg = Release|Win32
		{07041CF1-02FC-480D-A556-11AAC4B696CC}.Release|x86.Build.0 = Release|Win32
		{AA2F4E1F-B629-427F-B47B-F7771639F77A}.Debug|x64.ActiveCfg = Debug|x64
		{AA2F4E1F-B629-427F-B47B-F7771639F77A}.Debug|x64.Build.0 = Debug|x64
		{AA2F4E1F-B629-427F-B47B-F7771639F77A}.Debug|x86.ActiveCfg = Debug|Win32
		{AA2F4E1F-B629-427F-B47B-F7771639F77A}.Debug|x86.Build.0 = Debug|Win32
		{AA2F4E1F-B629-427F-B47B-F7771639F77A}.Release|x64.ActiveCfg = Release|x64
		{AA2F4E1F-B629-427F-B47B-F7771639F77A}.Release|x64.Build.0 = Release|x64
		{AA2F4E1F-B629-427F-B47B-F7771639F77A}.Release|x86.ActiveCfg = Release|Win32
		{AA2F4E1F-B629-427F-B47B-F7771639F77A}.Release|x86.Build.0 = Release|Win32
	EndGlobalSection
	GlobalSection(SolutionProperties) = preSolution
		HideSolutionNode = FALSE
	EndGlobalSection
	GlobalSection(ExtensibilityGlobals) = postSolution
		SolutionGuid = {0A5DCA43-DAB3-4B3B-8C67-BF8E76966D5B}
	EndGlobalSection
EndGlobal
